<?xml version="1.0" encoding="UTF-8" standalone="yes" ?>
<CodeBlocks_project_file>
	<FileVersion major="1" minor="6" />
	<Project>
		<Option title="Nelson" />
		<Option platforms="Unix;" />
		<Option execution_dir="/run/user/1000/gvfs/smb-share:server=cg2013,share=users/chrgu_000/Documents/Visual Studio 2013/Projects/Nelson/Nelson/" />
		<Option pch_mode="2" />
		<Option compiler="gcc" />
		<Build>
			<Target title="Release-no-popcount">
				<Option output="gcc/release-no-popcount/nemorino-no-popcount" prefix_auto="1" extension_auto="1" />
				<Option type="1" />
				<Option compiler="gcc" />
				<Option use_console_runner="0" />
				<Compiler>
					<Add option="-mtune=generic" />
					<Add option="-DNDEBUG" />
					<Add option="-D_CONSOLE" />
					<Add option="-DNO_POPCOUNT" />
				</Compiler>
			</Target>
			<Target title="Release">
				<Option output="gcc/release/nemorino" prefix_auto="1" extension_auto="1" />
				<Option type="1" />
				<Option compiler="gcc" />
				<Option use_console_runner="0" />
				<Compiler>
					<Add option="-march=core2" />
					<Add option="-DNDEBUG" />
					<Add option="-D_CONSOLE" />
					<Add option="-DTB" />
				</Compiler>
			</Target>
			<Target title="Release-haswell">
				<Option output="gcc/release-haswell/nemorino-haswell" prefix_auto="1" extension_auto="1" />
				<Option type="1" />
				<Option compiler="gcc" />
				<Option use_console_runner="0" />
				<Compiler>
					<Add option="-march=core-avx2" />
					<Add option="-DNDEBUG" />
					<Add option="-D_CONSOLE" />
				</Compiler>
			</Target>
		</Build>
		<Compiler>
			<Add option="-O3" />
			<Add option="-Wmain" />
			<Add option="-std=c++11" />
			<Add option="-lpthread" />
		</Compiler>
		<Linker>
			<Add option="-s" />
			<Add option="-lpthread" />
			<Add option="-std=c++11" />
		</Linker>
		<Unit filename="../../Material.cpp" />
		<Unit filename="../../Nemorino.cpp" />
		<Unit filename="../../bbEndings.cpp" />
		<Unit filename="../../bbEndings.h" />
		<Unit filename="../../board.cpp" />
		<Unit filename="../../board.h" />
		<Unit filename="../../book.cpp" />
		<Unit filename="../../book.h" />
		<Unit filename="../../evaluation.cpp" />
		<Unit filename="../../evaluation.h" />
		<Unit filename="../../hashtables.cpp" />
		<Unit filename="../../hashtables.h" />
		<Unit filename="../../material.h" />
		<Unit filename="../../pgn.cpp" />
		<Unit filename="../../pgn.h" />
		<Unit filename="../../position.cpp" />
		<Unit filename="../../position.h" />
		<Unit filename="../../search.cpp" />
		<Unit filename="../../search.h" />
		<Unit filename="../../settings.cpp" />
		<Unit filename="../../settings.h" />
		<Unit filename="../../syzygy/tbprobe.cpp" />
		<Unit filename="../../syzygy/tbprobe.h" />
		<Unit filename="../../test.cpp" />
		<Unit filename="../../test.h" />
		<Unit filename="../../timemanager.cpp" />
		<Unit filename="../../timemanager.h" />
		<Unit filename="../../types.h" />
		<Unit filename="../../uci.cpp" />
		<Unit filename="../../uci.h" />
		<Unit filename="../../utils.cpp" />
		<Unit filename="../../utils.h" />
		<Unit filename="../../xboard.cpp" />
		<Unit filename="../../xboard.h" />
		<Unit filename="../compile.txt" />
		<Extensions>
			<code_completion />
			<envvars />
			<debugger />
		</Extensions>
	</Project>
</CodeBlocks_project_file>
